// !$*UTF8*$!
{
	archiveVersion = 1;
	classes = {
	};
	objectVersion = 55;
	objects = {

/* Begin PBXBuildFile section */
		2B5243EC296E6E59000296D0 /* YZKViewController.m in Sources */ = {isa = PBXBuildFile; fileRef = 2B5243EB296E6E59000296D0 /* YZKViewController.m */; };
		2B738941296586A600DD2D1E /* YZKWindow.m in Sources */ = {isa = PBXBuildFile; fileRef = 2B738940296586A600DD2D1E /* YZKWindow.m */; };
		2BE7BEE72886599B00E99F71 /* AppDelegate.m in Sources */ = {isa = PBXBuildFile; fileRef = 2BE7BEE62886599B00E99F71 /* AppDelegate.m */; };
		2BE7BEED2886599B00E99F71 /* ViewController.m in Sources */ = {isa = PBXBuildFile; fileRef = 2BE7BEEC2886599B00E99F71 /* ViewController.m */; };
		2BE7BEF02886599B00E99F71 /* Main.storyboard in Resources */ = {isa = PBXBuildFile; fileRef = 2BE7BEEE2886599B00E99F71 /* Main.storyboard */; };
		2BE7BEF22886599C00E99F71 /* Assets.xcassets in Resources */ = {isa = PBXBuildFile; fileRef = 2BE7BEF12886599C00E99F71 /* Assets.xcassets */; };
		2BE7BEF52886599C00E99F71 /* LaunchScreen.storyboard in Resources */ = {isa = PBXBuildFile; fileRef = 2BE7BEF32886599C00E99F71 /* LaunchScreen.storyboard */; };
		2BE7BEF82886599C00E99F71 /* main.m in Sources */ = {isa = PBXBuildFile; fileRef = 2BE7BEF72886599C00E99F71 /* main.m */; };
/* End PBXBuildFile section */

/* Begin PBXFileReference section */
		2B5243EA296E6E59000296D0 /* YZKViewController.h */ = {isa = PBXFileReference; lastKnownFileType = sourcecode.c.h; path = YZKViewController.h; sourceTree = "<group>"; };
		2B5243EB296E6E59000296D0 /* YZKViewController.m */ = {isa = PBXFileReference; lastKnownFileType = sourcecode.c.objc; path = YZKViewController.m; sourceTree = "<group>"; };
		2B73893F296586A600DD2D1E /* YZKWindow.h */ = {isa = PBXFileReference; lastKnownFileType = sourcecode.c.h; path = YZKWindow.h; sourceTree = "<group>"; };
		2B738940296586A600DD2D1E /* YZKWindow.m */ = {isa = PBXFileReference; lastKnownFileType = sourcecode.c.objc; path = YZKWindow.m; sourceTree = "<group>"; };
		2BE7BEE22886599B00E99F71 /* UIDemo.app */ = {isa = PBXFileReference; explicitFileType = wrapper.application; includeInIndex = 0; path = UIDemo.app; sourceTree = BUILT_PRODUCTS_DIR; };
		2BE7BEE52886599B00E99F71 /* AppDelegate.h */ = {isa = PBXFileReference; lastKnownFileType = sourcecode.c.h; path = AppDelegate.h; sourceTree = "<group>"; };
		2BE7BEE62886599B00E99F71 /* AppDelegate.m */ = {isa = PBXFileReference; lastKnownFileType = sourcecode.c.objc; path = AppDelegate.m; sourceTree = "<group>"; };
		2BE7BEEB2886599B00E99F71 /* ViewController.h */ = {isa = PBXFileReference; lastKnownFileType = sourcecode.c.h; path = ViewController.h; sourceTree = "<group>"; };
		2BE7BEEC2886599B00E99F71 /* ViewController.m */ = {isa = PBXFileReference; lastKnownFileType = sourcecode.c.objc; path = ViewController.m; sourceTree = "<group>"; };
		2BE7BEEF2886599B00E99F71 /* Base */ = {isa = PBXFileReference; lastKnownFileType = file.storyboard; name = Base; path = Base.lproj/Main.storyboard; sourceTree = "<group>"; };
		2BE7BEF12886599C00E99F71 /* Assets.xcassets */ = {isa = PBXFileReference; lastKnownFileType = folder.assetcatalog; path = Assets.xcassets; sourceTree = "<group>"; };
		2BE7BEF42886599C00E99F71 /* Base */ = {isa = PBXFileReference; lastKnownFileType = file.storyboard; name = Base; path = Base.lproj/LaunchScreen.storyboard; sourceTree = "<group>"; };
		2BE7BEF62886599C00E99F71 /* Info.plist */ = {isa = PBXFileReference; lastKnownFileType = text.plist.xml; path = Info.plist; sourceTree = "<group>"; };
		2BE7BEF72886599C00E99F71 /* main.m */ = {isa = PBXFileReference; lastKnownFileType = sourcecode.c.objc; path = main.m; sourceTree = "<group>"; };
/* End PBXFileReference section */

/* Begin PBXFrameworksBuildPhase section */
		2BE7BEDF2886599B00E99F71 /* Frameworks */ = {
			isa = PBXFrameworksBuildPhase;
			buildActionMask = 2147483647;
			files = (
			);
			runOnlyForDeploymentPostprocessing = 0;
		};
/* End PBXFrameworksBuildPhase section */

/* Begin PBXGroup section */
		2BE7BED92886599A00E99F71 = {
			isa = PBXGroup;
			children = (
				2BE7BEE42886599B00E99F71 /* UIDemo */,
				2BE7BEE32886599B00E99F71 /* Products */,
			);
			sourceTree = "<group>";
		};
		2BE7BEE32886599B00E99F71 /* Products */ = {
			isa = PBXGroup;
			children = (
				2BE7BEE22886599B00E99F71 /* UIDemo.app */,
			);
			name = Products;
			sourceTree = "<group>";
		};
		2BE7BEE42886599B00E99F71 /* UIDemo */ = {
			isa = PBXGroup;
			children = (
				2BE7BEE52886599B00E99F71 /* AppDelegate.h */,
				2BE7BEE62886599B00E99F71 /* AppDelegate.m */,
				2BE7BEEB2886599B00E99F71 /* ViewController.h */,
				2BE7BEEC2886599B00E99F71 /* ViewController.m */,
				2B73893F296586A600DD2D1E /* YZKWindow.h */,
				2B738940296586A600DD2D1E /* YZKWindow.m */,
				2B5243EA296E6E59000296D0 /* YZKViewController.h */,
				2B5243EB296E6E59000296D0 /* YZKViewController.m */,
				2BE7BEEE2886599B00E99F71 /* Main.storyboard */,
				2BE7BEF12886599C00E99F71 /* Assets.xcassets */,
				2BE7BEF32886599C00E99F71 /* LaunchScreen.storyboard */,
				2BE7BEF62886599C00E99F71 /* Info.plist */,
				2BE7BEF72886599C00E99F71 /* main.m */,
			);
			path = UIDemo;
			sourceTree = "<group>";
		};
/* End PBXGroup section */

/* Begin PBXNativeTarget section */
		2BE7BEE12886599B00E99F71 /* UIDemo */ = {
			isa = PBXNativeTarget;
			buildConfigurationList = 2BE7BEFB2886599C00E99F71 /* Build configuration list for PBXNativeTarget "UIDemo" */;
			buildPhases = (
				2BE7BEDE2886599B00E99F71 /* Sources */,
				2BE7BEDF2886599B00E99F71 /* Frameworks */,
				2BE7BEE02886599B00E99F71 /* Resources */,
			);
			buildRules = (
			);
			dependencies = (
			);
			name = UIDemo;
			productName = UIDemo;
			productReference = 2BE7BEE22886599B00E99F71 /* UIDemo.app */;
			productType = "com.apple.product-type.application";
		};
/* End PBXNativeTarget section */

/* Begin PBXProject section */
		2BE7BEDA2886599A00E99F71 /* Project object */ = {
			isa = PBXProject;
			attributes = {
				BuildIndependentTargetsInParallel = 1;
				LastUpgradeCheck = 1340;
				TargetAttributes = {
					2BE7BEE12886599B00E99F71 = {
						CreatedOnToolsVersion = 13.4;
					};
				};
			};
			buildConfigurationList = 2BE7BEDD2886599A00E99F71 /* Build configuration list for PBXProject "UIDemo" */;
			compatibilityVersion = "Xcode 13.0";
			developmentRegion = en;
			hasScannedForEncodings = 0;
			knownRegions = (
				en,
				Base,
			);
			mainGroup = 2BE7BED92886599A00E99F71;
			productRefGroup = 2BE7BEE32886599B00E99F71 /* Products */;
			projectDirPath = "";
			projectRoot = "";
			targets = (
				2BE7BEE12886599B00E99F71 /* UIDemo */,
			);
		};
/* End PBXProject section */

/* Begin PBXResourcesBuildPhase section */
		2BE7BEE02886599B00E99F71 /* Resources */ = {
			isa = PBXResourcesBuildPhase;
			buildActionMask = 2147483647;
			files = (
				2BE7BEF52886599C00E99F71 /* LaunchScreen.storyboard in Resources */,
				2BE7BEF22886599C00E99F71 /* Assets.xcassets in Resources */,
				2BE7BEF02886599B00E99F71 /* Main.storyboard in Resources */,
			);
			runOnlyForDeploymentPostprocessing = 0;
		};
/* End PBXResourcesBuildPhase section */

/* Begin PBXSourcesBuildPhase section */
		2BE7BEDE2886599B00E99F71 /* Sources */ = {
			isa = PBXSourcesBuildPhase;
			buildActionMask = 2147483647;
			files = (
				2B738941296586A600DD2D1E /* YZKWindow.m in Sources */,
				2BE7BEED2886599B00E99F71 /* ViewController.m in Sources */,
				2BE7BEE72886599B00E99F71 /* AppDelegate.m in Sources */,
				2BE7BEF82886599C00E99F71 /* main.m in Sources */,
				2B5243EC296E6E59000296D0 /* YZKViewController.m in Sources */,
			);
			runOnlyForDeploymentPostprocessing = 0;
		};
/* End PBXSourcesBuildPhase section */

/* Begin PBXVariantGroup section */
		2BE7BEEE2886599B00E99F71 /* Main.storyboard */ = {
			isa = PBXVariantGroup;
			children = (
				2BE7BEEF2886599B00E99F71 /* Base */,
			);
			name = Main.storyboard;
			sourceTree = "<group>";
		};
		2BE7BEF32886599C00E99F71 /* LaunchScreen.storyboard */ = {
			isa = PBXVariantGroup;
			children = (
				2BE7BEF42886599C00E99F71 /* Base */,
			);
			name = LaunchScreen.storyboard;
			sourceTree = "<group>";
		};
/* End PBXVariantGroup section */

/* Begin XCBuildConfiguration section */
		2BE7BEF92886599C00E99F71 /* Debug */ = {
			isa = XCBuildConfiguration;
			buildSettings = {
				ALWAYS_SEARCH_USER_PATHS = NO;
				CLANG_ANALYZER_NONNULL = YES;
				CLANG_ANALYZER_NUMBER_OBJECT_CONVERSION = YES_AGGRESSIVE;
				CLANG_CXX_LANGUAGE_STANDARD = "gnu++17";
				CLANG_ENABLE_MODULES = YES;
				CLANG_ENABLE_OBJC_ARC = YES;
				CLANG_ENABLE_OBJC_WEAK = YES;
				CLANG_WARN_BLOCK_CAPTURE_AUTORELEASING = YES;
				CLANG_WARN_BOOL_CONVERSION = YES;
				CLANG_WARN_COMMA = YES;
				CLANG_WARN_CONSTANT_CONVERSION = YES;
				CLANG_WARN_DEPRECATED_OBJC_IMPLEMENTATIONS = YES;
				CLANG_WARN_DIRECT_OBJC_ISA_USAGE = YES_ERROR;
				CLANG_WARN_DOCUMENTATION_COMMENTS = YES;
				CLANG_WARN_EMPTY_BODY = YES;
				CLANG_WARN_ENUM_CONVERSION = YES;
				CLANG_WARN_INFINITE_RECURSION = YES;
				CLANG_WARN_INT_CONVERSION = YES;
				CLANG_WARN_NON_LITERAL_NULL_CONVERSION = YES;
				CLANG_WARN_OBJC_IMPLICIT_RETAIN_SELF = YES;
				CLANG_WARN_OBJC_LITERAL_CONVERSION = YES;
				CLANG_WARN_OBJC_ROOT_CLASS = YES_ERROR;
				CLANG_WARN_QUOTED_INCLUDE_IN_FRAMEWORK_HEADER = YES;
				CLANG_WARN_RANGE_LOOP_ANALYSIS = YES;
				CLANG_WARN_STRICT_PROTOTYPES = YES;
				CLANG_WARN_SUSPICIOUS_MOVE = YES;
				CLANG_WARN_UNGUARDED_AVAILABILITY = YES_AGGRESSIVE;
				CLANG_WARN_UNREACHABLE_CODE = YES;
				CLANG_WARN__DUPLICATE_METHOD_MATCH = YES;
				COPY_PHASE_STRIP = NO;
				DEBUG_INFORMATION_FORMAT = dwarf;
				ENABLE_STRICT_OBJC_MSGSEND = YES;
				ENABLE_TESTABILITY = YES;
				GCC_C_LANGUAGE_STANDARD = gnu11;
				GCC_DYNAMIC_NO_PIC = NO;
				GCC_NO_COMMON_BLOCKS = YES;
				GCC_OPTIMIZATION_LEVEL = 0;
				GCC_PREPROCESSOR_DEFINITIONS = (
					"DEBUG=1",
					"$(inherited)",
				);
				GCC_WARN_64_TO_32_BIT_CONVERSION = YES;
				GCC_WARN_ABOUT_RETURN_TYPE = YES_ERROR;
				GCC_WARN_UNDECLARED_SELECTOR = YES;
				GCC_WARN_UNINITIALIZED_AUTOS = YES_AGGRESSIVE;
				GCC_WARN_UNUSED_FUNCTION = YES;
				GCC_WARN_UNUSED_VARIABLE = YES;
				IPHONEOS_DEPLOYMENT_TARGET = 12.0;
				MTL_ENABLE_DEBUG_INFO = INCLUDE_SOURCE;
				MTL_FAST_MATH = YES;
				ONLY_ACTIVE_ARCH = YES;
				SDKROOT = iphoneos;
			};
			name = Debug;
		};
		2BE7BEFA2886599C00E99F71 /* Release */ = {
			isa = XCBuildConfiguration;
			buildSettings = {
				ALWAYS_SEARCH_USER_PATHS = NO;
				CLANG_ANALYZER_NONNULL = YES;
				CLANG_ANALYZER_NUMBER_OBJECT_CONVERSION = YES_AGGRESSIVE;
				CLANG_CXX_LANGUAGE_STANDARD = "gnu++17";
				CLANG_ENABLE_MODULES = YES;
				CLANG_ENABLE_OBJC_ARC = YES;
				CLANG_ENABLE_OBJC_WEAK = YES;
				CLANG_WARN_BLOCK_CAPTURE_AUTORELEASING = YES;
				CLANG_WARN_BOOL_CONVERSION = YES;
				CLANG_WARN_COMMA = YES;
				CLANG_WARN_CONSTANT_CONVERSION = YES;
				CLANG_WARN_DEPRECATED_OBJC_IMPLEMENTATIONS = YES;
				CLANG_WARN_DIRECT_OBJC_ISA_USAGE = YES_ERROR;
				CLANG_WARN_DOCUMENTATION_COMMENTS = YES;
				CLANG_WARN_EMPTY_BODY = YES;
				CLANG_WARN_ENUM_CONVERSION = YES;
				CLANG_WARN_INFINITE_RECURSION = YES;
				CLANG_WARN_INT_CONVERSION = YES;
				CLANG_WARN_NON_LITERAL_NULL_CONVERSION = YES;
				CLANG_WARN_OBJC_IMPLICIT_RETAIN_SELF = YES;
				CLANG_WARN_OBJC_LITERAL_CONVERSION = YES;
				CLANG_WARN_OBJC_ROOT_CLASS = YES_ERROR;
				CLANG_WARN_QUOTED_INCLUDE_IN_FRAMEWORK_HEADER = YES;
				CLANG_WARN_RANGE_LOOP_ANALYSIS = YES;
				CLANG_WARN_STRICT_PROTOTYPES = YES;
				CLANG_WARN_SUSPICIOUS_MOVE = YES;
				CLANG_WARN_UNGUARDED_AVAILABILITY = YES_AGGRESSIVE;
				CLANG_WARN_UNREACHABLE_CODE = YES;
				CLANG_WARN__DUPLICATE_METHOD_MATCH = YES;
				COPY_PHASE_STRIP = NO;
				DEBUG_INFORMATION_FORMAT = "dwarf-with-dsym";
				ENABLE_NS_ASSERTIONS = NO;
				ENABLE_STRICT_OBJC_MSGSEND = YES;
				GCC_C_LANGUAGE_STANDARD = gnu11;
				GCC_NO_COMMON_BLOCKS = YES;
				GCC_WARN_64_TO_32_BIT_CONVERSION = YES;
				GCC_WARN_ABOUT_RETURN_TYPE = YES_ERROR;
				GCC_WARN_UNDECLARED_SELECTOR = YES;
				GCC_WARN_UNINITIALIZED_AUTOS = YES_AGGRESSIVE;
				GCC_WARN_UNUSED_FUNCTION = YES;
				GCC_WARN_UNUSED_VARIABLE = YES;
				IPHONEOS_DEPLOYMENT_TARGET = 12.0;
				MTL_ENABLE_DEBUG_INFO = NO;
				MTL_FAST_MATH = YES;
				SDKROOT = iphoneos;
				VALIDATE_PRODUCT = YES;
			};
			name = Release;
		};
		2BE7BEFC2886599C00E99F71 /* Debug */ = {
			isa = XCBuildConfiguration;
			buildSettings = {
				ASSETCATALOG_COMPILER_APPICON_NAME = AppIcon;
				ASSETCATALOG_COMPILER_GLOBAL_ACCENT_COLOR_NAME = AccentColor;
				CODE_SIGN_STYLE = Automatic;
				CURRENT_PROJECT_VERSION = 1;
				GENERATE_INFOPLIST_FILE = YES;
				INFOPLIST_FILE = UIDemo/Info.plist;
				INFOPLIST_KEY_UIApplicationSupportsIndirectInputEvents = YES;
				INFOPLIST_KEY_UILaunchStoryboardName = LaunchScreen;
				INFOPLIST_KEY_UIMainStoryboardFile = Main;
				INFOPLIST_KEY_UISupportedInterfaceOrientations_iPad = "UIInterfaceOrientationPortrait UIInterfaceOrientationPortraitUpsideDown UIInterfaceOrientationLandscapeLeft UIInterfaceOrientationLandscapeRight";
				INFOPLIST_KEY_UISupportedInterfaceOrientations_iPhone = "UIInterfaceOrientationPortrait UIInterfaceOrientationLandscapeLeft UIInterfaceOrientationLandscapeRight";
				LD_RUNPATH_SEARCH_PATHS = (
					"$(inherited)",
					"@executable_path/Frameworks",
				);
				MARKETING_VERSION = 1.0;
				PRODUCT_BUNDLE_IDENTIFIER = com.lightgame.iOS.UIDemo;
				PRODUCT_NAME = "$(TARGET_NAME)";
				SWIFT_EMIT_LOC_STRINGS = YES;
				TARGETED_DEVICE_FAMILY = "1,2";
			};
			name = Debug;
		};
		2BE7BEFD2886599C00E99F71 /* Release */ = {
			isa = XCBuildConfiguration;
			buildSettings = {
				ASSETCATALOG_COMPILER_APPICON_NAME = AppIcon;
				ASSETCATALOG_COMPILER_GLOBAL_ACCENT_COLOR_NAME = AccentColor;
				CODE_SIGN_STYLE = Automatic;
				CURRENT_PROJECT_VERSION = 1;
				GENERATE_INFOPLIST_FILE = YES;
				INFOPLIST_FILE = UIDemo/Info.plist;
				INFOPLIST_KEY_UIApplicationSupportsIndirectInputEvents = YES;
				INFOPLIST_KEY_UILaunchStoryboardName = LaunchScreen;
				INFOPLIST_KEY_UIMainStoryboardFile = Main;
				INFOPLIST_KEY_UISupportedInterfaceOrientations_iPad = "UIInterfaceOrientationPortrait UIInterfaceOrientationPortraitUpsideDown UIInterfaceOrientationLandscapeLeft UIInterfaceOrientationLandscapeRight";
				INFOPLIST_KEY_UISupportedInterfaceOrientations_iPhone = "UIInterfaceOrientationPortrait UIInterfaceOrientationLandscapeLeft UIInterfaceOrientationLandscapeRight";
				LD_RUNPATH_SEARCH_PATHS = (
					"$(inherited)",
					"@executable_path/Frameworks",
				);
				MARKETING_VERSION = 1.0;
				PRODUCT_BUNDLE_IDENTIFIER = com.lightgame.iOS.UIDemo;
				PRODUCT_NAME = "$(TARGET_NAME)";
				SWIFT_EMIT_LOC_STRINGS = YES;
				TARGETED_DEVICE_FAMILY = "1,2";
			};
			name = Release;
		};
/* End XCBuildConfiguration section */

/* Begin XCConfigurationList section */
		2BE7BEDD2886599A00E99F71 /* Build configuration list for PBXProject "UIDemo" */ = {
			isa = XCConfigurationList;
			buildConfigurations = (
				2BE7BEF92886599C00E99F71 /* Debug */,
				2BE7BEFA2886599C00E99F71 /* Release */,
			);
			defaultConfigurationIsVisible = 0;
			defaultConfigurationName = Release;
		};
		2BE7BEFB2886599C00E99F71 /* Build configuration list for PBXNativeTarget "UIDemo" */ = {
			isa = XCConfigurationList;
			buildConfigurations = (
				2BE7BEFC2886599C00E99F71 /* Debug */,
				2BE7BEFD2886599C00E99F71 /* Release */,
			);
			defaultConfigurationIsVisible = 0;
			defaultConfigurationName = Release;
		};
/* End XCConfigurationList section */
	};
	rootObject = 2BE7BEDA2886599A00E99F71 /* Project object */;
}
